
Microsoft Visual Studio Solution File, Format Version 12.00
# Visual Studio 15
VisualStudioVersion = 15.0.28307.539
MinimumVisualStudioVersion = 10.0.40219.1
Project("{FAE04EC0-301F-11D3-BF4B-00C04F79EFBC}") = "Deezer", "Deezer\Deezer.csproj", "{F758546A-0042-497A-B0B9-87DD07269A71}"
EndProject
Global
	GlobalSection(SolutionConfigurationPlatforms) = preSolution
		Debug|Any CPU = Debug|Any CPU
		Release|Any CPU = Release|Any CPU
	EndGlobalSection
	GlobalSection(ProjectConfigurationPlatforms) = postSolution
		{F758546A-0042-497A-B0B9-87DD07269A71}.Debug|Any CPU.ActiveCfg = Debug|Any CPU
		{F758546A-0042-497A-B0B9-87DD07269A71}.Debug|Any CPU.Build.0 = Debug|Any CPU
		{F758546A-0042-497A-B0B9-87DD07269A71}.Release|Any CPU.ActiveCfg = Release|Any CPU
		{F758546A-0042-497A-B0B9-87DD07269A71}.Release|Any CPU.Build.0 = Release|Any CPU
	EndGlobalSection
	GlobalSection(SolutionProperties) = preSolution
		HideSolutionNode = FALSE
	EndGlobalSection
	GlobalSection(ExtensibilityGlobals) = postSolution
		SolutionGuid = {EF5045EC-8B96-44FB-AC76-A422893F6A69}
	EndGlobalSection
EndGlobal
